
Microsoft Visual Studio Solution File, Format Version 12.00
# Visual Studio 15
VisualStudioVersion = 15.0.27004.2002
MinimumVisualStudioVersion = 10.0.40219.1
Project("{FAE04EC0-301F-11D3-BF4B-00C04F79EFBC}") = "Learning.ExtensionMethods", "Learning.ExtensionMethods\Learning.ExtensionMethods.csproj", "{8CE16643-5FFC-447D-851E-77283B58E380}"
EndProject
Global
	GlobalSection(SolutionConfigurationPlatforms) = preSolution
		Debug|Any CPU = Debug|Any CPU
		Release|Any CPU = Release|Any CPU
	EndGlobalSection
	GlobalSection(ProjectConfigurationPlatforms) = postSolution
		{8CE16643-5FFC-447D-851E-77283B58E380}.Debug|Any CPU.ActiveCfg = Debug|Any CPU
		{8CE16643-5FFC-447D-851E-77283B58E380}.Debug|Any CPU.Build.0 = Debug|Any CPU
		{8CE16643-5FFC-447D-851E-77283B58E380}.Release|Any CPU.ActiveCfg = Release|Any CPU
		{8CE16643-5FFC-447D-851E-77283B58E380}.Release|Any CPU.Build.0 = Release|Any CPU
	EndGlobalSection
	GlobalSection(SolutionProperties) = preSolution
		HideSolutionNode = FALSE
	EndGlobalSection
	GlobalSection(ExtensibilityGlobals) = postSolution
		SolutionGuid = {96C210A5-18A0-451C-B045-1E28EF73BBB0}
	EndGlobalSection
EndGlobal
